
Microsoft Visual Studio Solution File, Format Version 12.00
# Visual Studio 15
VisualStudioVersion = 15.0.28010.2036
MinimumVisualStudioVersion = 10.0.40219.1
Project("{FAE04EC0-301F-11D3-BF4B-00C04F79EFBC}") = "1812", "1812\1812.csproj", "{9B27CAB1-310A-4308-ADC5-563EE1B1FB86}"
EndProject
Global
	GlobalSection(SolutionConfigurationPlatforms) = preSolution
		Debug|Any CPU = Debug|Any CPU
		Release|Any CPU = Release|Any CPU
	EndGlobalSection
	GlobalSection(ProjectConfigurationPlatforms) = postSolution
		{9B27CAB1-310A-4308-ADC5-563EE1B1FB86}.Debug|Any CPU.ActiveCfg = Debug|Any CPU
		{9B27CAB1-310A-4308-ADC5-563EE1B1FB86}.Debug|Any CPU.Build.0 = Debug|Any CPU
		{9B27CAB1-310A-4308-ADC5-563EE1B1FB86}.Release|Any CPU.ActiveCfg = Release|Any CPU
		{9B27CAB1-310A-4308-ADC5-563EE1B1FB86}.Release|Any CPU.Build.0 = Release|Any CPU
	EndGlobalSection
	GlobalSection(SolutionProperties) = preSolution
		HideSolutionNode = FALSE
	EndGlobalSection
	GlobalSection(ExtensibilityGlobals) = postSolution
		SolutionGuid = {B2A7508F-0AFD-444E-AA3A-7B72FC5A4319}
	EndGlobalSection
EndGlobal
